// !$*UTF8*$!
{
	archiveVersion = 1;
	classes = {
	};
	objectVersion = 56;
	objects = {

/* Begin PBXBuildFile section */
		647B12482BBC3BE000D22F7A /* MoexCalculatorApp.swift in Sources */ = {isa = PBXBuildFile; fileRef = 647B12472BBC3BE000D22F7A /* MoexCalculatorApp.swift */; };
		647B124C2BBC3BE500D22F7A /* Assets.xcassets in Resources */ = {isa = PBXBuildFile; fileRef = 647B124B2BBC3BE500D22F7A /* Assets.xcassets */; };
		647B124F2BBC3BE500D22F7A /* Preview Assets.xcassets in Resources */ = {isa = PBXBuildFile; fileRef = 647B124E2BBC3BE500D22F7A /* Preview Assets.xcassets */; };
		647B12572BBDE4EB00D22F7A /* Currency.swift in Sources */ = {isa = PBXBuildFile; fileRef = 647B12562BBDE4EB00D22F7A /* Currency.swift */; };
		647B12592BBDE55000D22F7A /* CalculatorModel.swift in Sources */ = {isa = PBXBuildFile; fileRef = 647B12582BBDE55000D22F7A /* CalculatorModel.swift */; };
		647B125B2BBDE76500D22F7A /* CalculatorViewModel.swift in Sources */ = {isa = PBXBuildFile; fileRef = 647B125A2BBDE76500D22F7A /* CalculatorViewModel.swift */; };
		647B125D2BBDE92500D22F7A /* CalculatorView.swift in Sources */ = {isa = PBXBuildFile; fileRef = 647B125C2BBDE92500D22F7A /* CalculatorView.swift */; };
/* End PBXBuildFile section */

/* Begin PBXFileReference section */
		647B12442BBC3BE000D22F7A /* MoexCalculator.app */ = {isa = PBXFileReference; explicitFileType = wrapper.application; includeInIndex = 0; path = MoexCalculator.app; sourceTree = BUILT_PRODUCTS_DIR; };
		647B12472BBC3BE000D22F7A /* MoexCalculatorApp.swift */ = {isa = PBXFileReference; lastKnownFileType = sourcecode.swift; path = MoexCalculatorApp.swift; sourceTree = "<group>"; };
		647B124B2BBC3BE500D22F7A /* Assets.xcassets */ = {isa = PBXFileReference; lastKnownFileType = folder.assetcatalog; path = Assets.xcassets; sourceTree = "<group>"; };
		647B124E2BBC3BE500D22F7A /* Preview Assets.xcassets */ = {isa = PBXFileReference; lastKnownFileType = folder.assetcatalog; path = "Preview Assets.xcassets"; sourceTree = "<group>"; };
		647B12502BBC3BE500D22F7A /* MoexCalculator.entitlements */ = {isa = PBXFileReference; lastKnownFileType = text.plist.entitlements; path = MoexCalculator.entitlements; sourceTree = "<group>"; };
		647B12562BBDE4EB00D22F7A /* Currency.swift */ = {isa = PBXFileReference; lastKnownFileType = sourcecode.swift; path = Currency.swift; sourceTree = "<group>"; };
		647B12582BBDE55000D22F7A /* CalculatorModel.swift */ = {isa = PBXFileReference; lastKnownFileType = sourcecode.swift; path = CalculatorModel.swift; sourceTree = "<group>"; };
		647B125A2BBDE76500D22F7A /* CalculatorViewModel.swift */ = {isa = PBXFileReference; lastKnownFileType = sourcecode.swift; path = CalculatorViewModel.swift; sourceTree = "<group>"; };
		647B125C2BBDE92500D22F7A /* CalculatorView.swift */ = {isa = PBXFileReference; lastKnownFileType = sourcecode.swift; path = CalculatorView.swift; sourceTree = "<group>"; };
		647B125E2BBDF25E00D22F7A /* Info.plist */ = {isa = PBXFileReference; lastKnownFileType = text.plist; path = Info.plist; sourceTree = "<group>"; };
/* End PBXFileReference section */

/* Begin PBXFrameworksBuildPhase section */
		647B12412BBC3BE000D22F7A /* Frameworks */ = {
			isa = PBXFrameworksBuildPhase;
			buildActionMask = 2147483647;
			files = (
			);
			runOnlyForDeploymentPostprocessing = 0;
		};
/* End PBXFrameworksBuildPhase section */

/* Begin PBXGroup section */
		647B123B2BBC3BE000D22F7A = {
			isa = PBXGroup;
			children = (
				647B12462BBC3BE000D22F7A /* MoexCalculator */,
				647B12452BBC3BE000D22F7A /* Products */,
			);
			sourceTree = "<group>";
		};
		647B12452BBC3BE000D22F7A /* Products */ = {
			isa = PBXGroup;
			children = (
				647B12442BBC3BE000D22F7A /* MoexCalculator.app */,
			);
			name = Products;
			sourceTree = "<group>";
		};
		647B12462BBC3BE000D22F7A /* MoexCalculator */ = {
			isa = PBXGroup;
			children = (
				647B125C2BBDE92500D22F7A /* CalculatorView.swift */,
				647B125A2BBDE76500D22F7A /* CalculatorViewModel.swift */,
				647B12582BBDE55000D22F7A /* CalculatorModel.swift */,
				647B12562BBDE4EB00D22F7A /* Currency.swift */,
				647B12472BBC3BE000D22F7A /* MoexCalculatorApp.swift */,
				647B124B2BBC3BE500D22F7A /* Assets.xcassets */,
				647B125E2BBDF25E00D22F7A /* Info.plist */,
				647B12502BBC3BE500D22F7A /* MoexCalculator.entitlements */,
				647B124D2BBC3BE500D22F7A /* Preview Content */,
			);
			path = MoexCalculator;
			sourceTree = "<group>";
		};
		647B124D2BBC3BE500D22F7A /* Preview Content */ = {
			isa = PBXGroup;
			children = (
				647B124E2BBC3BE500D22F7A /* Preview Assets.xcassets */,
			);
			path = "Preview Content";
			sourceTree = "<group>";
		};
/* End PBXGroup section */

/* Begin PBXNativeTarget section */
		647B12432BBC3BE000D22F7A /* MoexCalculator */ = {
			isa = PBXNativeTarget;
			buildConfigurationList = 647B12532BBC3BE500D22F7A /* Build configuration list for PBXNativeTarget "MoexCalculator" */;
			buildPhases = (
				647B12402BBC3BE000D22F7A /* Sources */,
				647B12412BBC3BE000D22F7A /* Frameworks */,
				647B12422BBC3BE000D22F7A /* Resources */,
			);
			buildRules = (
			);
			dependencies = (
			);
			name = MoexCalculator;
			productName = MoexCalculator;
			productReference = 647B12442BBC3BE000D22F7A /* MoexCalculator.app */;
			productType = "com.apple.product-type.application";
		};
/* End PBXNativeTarget section */

/* Begin PBXProject section */
		647B123C2BBC3BE000D22F7A /* Project object */ = {
			isa = PBXProject;
			attributes = {
				BuildIndependentTargetsInParallel = 1;
				LastSwiftUpdateCheck = 1520;
				LastUpgradeCheck = 1520;
				TargetAttributes = {
					647B12432BBC3BE000D22F7A = {
						CreatedOnToolsVersion = 15.2;
					};
				};
			};
			buildConfigurationList = 647B123F2BBC3BE000D22F7A /* Build configuration list for PBXProject "MoexCalculator" */;
			compatibilityVersion = "Xcode 14.0";
			developmentRegion = en;
			hasScannedForEncodings = 0;
			knownRegions = (
				en,
				Base,
			);
			mainGroup = 647B123B2BBC3BE000D22F7A;
			productRefGroup = 647B12452BBC3BE000D22F7A /* Products */;
			projectDirPath = "";
			projectRoot = "";
			targets = (
				647B12432BBC3BE000D22F7A /* MoexCalculator */,
			);
		};
/* End PBXProject section */

/* Begin PBXResourcesBuildPhase section */
		647B12422BBC3BE000D22F7A /* Resources */ = {
			isa = PBXResourcesBuildPhase;
			buildActionMask = 2147483647;
			files = (
				647B124F2BBC3BE500D22F7A /* Preview Assets.xcassets in Resources */,
				647B124C2BBC3BE500D22F7A /* Assets.xcassets in Resources */,
			);
			runOnlyForDeploymentPostprocessing = 0;
		};
/* End PBXResourcesBuildPhase section */

/* Begin PBXSourcesBuildPhase section */
		647B12402BBC3BE000D22F7A /* Sources */ = {
			isa = PBXSourcesBuildPhase;
			buildActionMask = 2147483647;
			files = (
				647B12572BBDE4EB00D22F7A /* Currency.swift in Sources */,
				647B125D2BBDE92500D22F7A /* CalculatorView.swift in Sources */,
				647B12482BBC3BE000D22F7A /* MoexCalculatorApp.swift in Sources */,
				647B12592BBDE55000D22F7A /* CalculatorModel.swift in Sources */,
				647B125B2BBDE76500D22F7A /* CalculatorViewModel.swift in Sources */,
			);
			runOnlyForDeploymentPostprocessing = 0;
		};
/* End PBXSourcesBuildPhase section */

/* Begin XCBuildConfiguration section */
		647B12512BBC3BE500D22F7A /* Debug */ = {
			isa = XCBuildConfiguration;
			buildSettings = {
				ALWAYS_SEARCH_USER_PATHS = NO;
				ASSETCATALOG_COMPILER_GENERATE_SWIFT_ASSET_SYMBOL_EXTENSIONS = YES;
				CLANG_ANALYZER_NONNULL = YES;
				CLANG_ANALYZER_NUMBER_OBJECT_CONVERSION = YES_AGGRESSIVE;
				CLANG_CXX_LANGUAGE_STANDARD = "gnu++20";
				CLANG_ENABLE_MODULES = YES;
				CLANG_ENABLE_OBJC_ARC = YES;
				CLANG_ENABLE_OBJC_WEAK = YES;
				CLANG_WARN_BLOCK_CAPTURE_AUTORELEASING = YES;
				CLANG_WARN_BOOL_CONVERSION = YES;
				CLANG_WARN_COMMA = YES;
				CLANG_WARN_CONSTANT_CONVERSION = YES;
				CLANG_WARN_DEPRECATED_OBJC_IMPLEMENTATIONS = YES;
				CLANG_WARN_DIRECT_OBJC_ISA_USAGE = YES_ERROR;
				CLANG_WARN_DOCUMENTATION_COMMENTS = YES;
				CLANG_WARN_EMPTY_BODY = YES;
				CLANG_WARN_ENUM_CONVERSION = YES;
				CLANG_WARN_INFINITE_RECURSION = YES;
				CLANG_WARN_INT_CONVERSION = YES;
				CLANG_WARN_NON_LITERAL_NULL_CONVERSION = YES;
				CLANG_WARN_OBJC_IMPLICIT_RETAIN_SELF = YES;
				CLANG_WARN_OBJC_LITERAL_CONVERSION = YES;
				CLANG_WARN_OBJC_ROOT_CLASS = YES_ERROR;
				CLANG_WARN_QUOTED_INCLUDE_IN_FRAMEWORK_HEADER = YES;
				CLANG_WARN_RANGE_LOOP_ANALYSIS = YES;
				CLANG_WARN_STRICT_PROTOTYPES = YES;
				CLANG_WARN_SUSPICIOUS_MOVE = YES;
				CLANG_WARN_UNGUARDED_AVAILABILITY = YES_AGGRESSIVE;
				CLANG_WARN_UNREACHABLE_CODE = YES;
				CLANG_WARN__DUPLICATE_METHOD_MATCH = YES;
				COPY_PHASE_STRIP = NO;
				DEBUG_INFORMATION_FORMAT = dwarf;
				ENABLE_STRICT_OBJC_MSGSEND = YES;
				ENABLE_TESTABILITY = YES;
				ENABLE_USER_SCRIPT_SANDBOXING = YES;
				GCC_C_LANGUAGE_STANDARD = gnu17;
				GCC_DYNAMIC_NO_PIC = NO;
				GCC_NO_COMMON_BLOCKS = YES;
				GCC_OPTIMIZATION_LEVEL = 0;
				GCC_PREPROCESSOR_DEFINITIONS = (
					"DEBUG=1",
					"$(inherited)",
				);
				GCC_WARN_64_TO_32_BIT_CONVERSION = YES;
				GCC_WARN_ABOUT_RETURN_TYPE = YES_ERROR;
				GCC_WARN_UNDECLARED_SELECTOR = YES;
				GCC_WARN_UNINITIALIZED_AUTOS = YES_AGGRESSIVE;
				GCC_WARN_UNUSED_FUNCTION = YES;
				GCC_WARN_UNUSED_VARIABLE = YES;
				IPHONEOS_DEPLOYMENT_TARGET = 16.1;
				LOCALIZATION_PREFERS_STRING_CATALOGS = YES;
				MTL_ENABLE_DEBUG_INFO = INCLUDE_SOURCE;
				MTL_FAST_MATH = YES;
				ONLY_ACTIVE_ARCH = YES;
				SDKROOT = iphoneos;
				SWIFT_ACTIVE_COMPILATION_CONDITIONS = "DEBUG $(inherited)";
				SWIFT_OPTIMIZATION_LEVEL = "-Onone";
			};
			name = Debug;
		};
		647B12522BBC3BE500D22F7A /* Release */ = {
			isa = XCBuildConfiguration;
			buildSettings = {
				ALWAYS_SEARCH_USER_PATHS = NO;
				ASSETCATALOG_COMPILER_GENERATE_SWIFT_ASSET_SYMBOL_EXTENSIONS = YES;
				CLANG_ANALYZER_NONNULL = YES;
				CLANG_ANALYZER_NUMBER_OBJECT_CONVERSION = YES_AGGRESSIVE;
				CLANG_CXX_LANGUAGE_STANDARD = "gnu++20";
				CLANG_ENABLE_MODULES = YES;
				CLANG_ENABLE_OBJC_ARC = YES;
				CLANG_ENABLE_OBJC_WEAK = YES;
				CLANG_WARN_BLOCK_CAPTURE_AUTORELEASING = YES;
				CLANG_WARN_BOOL_CONVERSION = YES;
				CLANG_WARN_COMMA = YES;
				CLANG_WARN_CONSTANT_CONVERSION = YES;
				CLANG_WARN_DEPRECATED_OBJC_IMPLEMENTATIONS = YES;
				CLANG_WARN_DIRECT_OBJC_ISA_USAGE = YES_ERROR;
				CLANG_WARN_DOCUMENTATION_COMMENTS = YES;
				CLANG_WARN_EMPTY_BODY = YES;
				CLANG_WARN_ENUM_CONVERSION = YES;
				CLANG_WARN_INFINITE_RECURSION = YES;
				CLANG_WARN_INT_CONVERSION = YES;
				CLANG_WARN_NON_LITERAL_NULL_CONVERSION = YES;
				CLANG_WARN_OBJC_IMPLICIT_RETAIN_SELF = YES;
				CLANG_WARN_OBJC_LITERAL_CONVERSION = YES;
				CLANG_WARN_OBJC_ROOT_CLASS = YES_ERROR;
				CLANG_WARN_QUOTED_INCLUDE_IN_FRAMEWORK_HEADER = YES;
				CLANG_WARN_RANGE_LOOP_ANALYSIS = YES;
				CLANG_WARN_STRICT_PROTOTYPES = YES;
				CLANG_WARN_SUSPICIOUS_MOVE = YES;
				CLANG_WARN_UNGUARDED_AVAILABILITY = YES_AGGRESSIVE;
				CLANG_WARN_UNREACHABLE_CODE = YES;
				CLANG_WARN__DUPLICATE_METHOD_MATCH = YES;
				COPY_PHASE_STRIP = NO;
				DEBUG_INFORMATION_FORMAT = "dwarf-with-dsym";
				ENABLE_NS_ASSERTIONS = NO;
				ENABLE_STRICT_OBJC_MSGSEND = YES;
				ENABLE_USER_SCRIPT_SANDBOXING = YES;
				GCC_C_LANGUAGE_STANDARD = gnu17;
				GCC_NO_COMMON_BLOCKS = YES;
				GCC_WARN_64_TO_32_BIT_CONVERSION = YES;
				GCC_WARN_ABOUT_RETURN_TYPE = YES_ERROR;
				GCC_WARN_UNDECLARED_SELECTOR = YES;
				GCC_WARN_UNINITIALIZED_AUTOS = YES_AGGRESSIVE;
				GCC_WARN_UNUSED_FUNCTION = YES;
				GCC_WARN_UNUSED_VARIABLE = YES;
				IPHONEOS_DEPLOYMENT_TARGET = 16.1;
				LOCALIZATION_PREFERS_STRING_CATALOGS = YES;
				MTL_ENABLE_DEBUG_INFO = NO;
				MTL_FAST_MATH = YES;
				SDKROOT = iphoneos;
				SWIFT_COMPILATION_MODE = wholemodule;
			};
			name = Release;
		};
		647B12542BBC3BE500D22F7A /* Debug */ = {
			isa = XCBuildConfiguration;
			buildSettings = {
				ASSETCATALOG_COMPILER_APPICON_NAME = AppIcon;
				ASSETCATALOG_COMPILER_GLOBAL_ACCENT_COLOR_NAME = AccentColor;
				CODE_SIGN_ENTITLEMENTS = MoexCalculator/MoexCalculator.entitlements;
				CODE_SIGN_STYLE = Automatic;
				COMBINE_HIDPI_IMAGES = YES;
				CURRENT_PROJECT_VERSION = 1;
				DEVELOPMENT_ASSET_PATHS = "\"MoexCalculator/Preview Content\"";
				DEVELOPMENT_TEAM = DMFV8BKN4K;
				ENABLE_HARDENED_RUNTIME = YES;
				ENABLE_PREVIEWS = YES;
				GENERATE_INFOPLIST_FILE = YES;
				INFOPLIST_FILE = MoexCalculator/Info.plist;
				INFOPLIST_KEY_NSHumanReadableCopyright = "";
				INFOPLIST_KEY_UILaunchScreen_Generation = YES;
				INFOPLIST_KEY_UISupportedInterfaceOrientations = UIInterfaceOrientationPortrait;
				IPHONEOS_DEPLOYMENT_TARGET = 15.0;
				LD_RUNPATH_SEARCH_PATHS = (
					"$(inherited)",
					"@executable_path/../Frameworks",
				);
				MARKETING_VERSION = 1.0;
				PRODUCT_BUNDLE_IDENTIFIER = com.pitinovamargo.MoexCalculator;
				PRODUCT_NAME = "$(TARGET_NAME)";
				SUPPORTED_PLATFORMS = "iphoneos iphonesimulator";
				SUPPORTS_MACCATALYST = NO;
				SWIFT_EMIT_LOC_STRINGS = YES;
				SWIFT_VERSION = 5.0;
				TARGETED_DEVICE_FAMILY = 1;
			};
			name = Debug;
		};
		647B12552BBC3BE500D22F7A /* Release */ = {
			isa = XCBuildConfiguration;
			buildSettings = {
				ASSETCATALOG_COMPILER_APPICON_NAME = AppIcon;
				ASSETCATALOG_COMPILER_GLOBAL_ACCENT_COLOR_NAME = AccentColor;
				CODE_SIGN_ENTITLEMENTS = MoexCalculator/MoexCalculator.entitlements;
				CODE_SIGN_STYLE = Automatic;
				COMBINE_HIDPI_IMAGES = YES;
				CURRENT_PROJECT_VERSION = 1;
				DEVELOPMENT_ASSET_PATHS = "\"MoexCalculator/Preview Content\"";
				DEVELOPMENT_TEAM = DMFV8BKN4K;
				ENABLE_HARDENED_RUNTIME = YES;
				ENABLE_PREVIEWS = YES;
				GENERATE_INFOPLIST_FILE = YES;
				INFOPLIST_FILE = MoexCalculator/Info.plist;
				INFOPLIST_KEY_NSHumanReadableCopyright = "";
				INFOPLIST_KEY_UILaunchScreen_Generation = YES;
				INFOPLIST_KEY_UISupportedInterfaceOrientations = UIInterfaceOrientationPortrait;
				IPHONEOS_DEPLOYMENT_TARGET = 15.0;
				LD_RUNPATH_SEARCH_PATHS = (
					"$(inherited)",
					"@executable_path/../Frameworks",
				);
				MARKETING_VERSION = 1.0;
				PRODUCT_BUNDLE_IDENTIFIER = com.pitinovamargo.MoexCalculator;
				PRODUCT_NAME = "$(TARGET_NAME)";
				SUPPORTED_PLATFORMS = "iphoneos iphonesimulator";
				SUPPORTS_MACCATALYST = NO;
				SWIFT_EMIT_LOC_STRINGS = YES;
				SWIFT_VERSION = 5.0;
				TARGETED_DEVICE_FAMILY = 1;
			};
			name = Release;
		};
/* End XCBuildConfiguration section */

/* Begin XCConfigurationList section */
		647B123F2BBC3BE000D22F7A /* Build configuration list for PBXProject "MoexCalculator" */ = {
			isa = XCConfigurationList;
			buildConfigurations = (
				647B12512BBC3BE500D22F7A /* Debug */,
				647B12522BBC3BE500D22F7A /* Release */,
			);
			defaultConfigurationIsVisible = 0;
			defaultConfigurationName = Release;
		};
		647B12532BBC3BE500D22F7A /* Build configuration list for PBXNativeTarget "MoexCalculator" */ = {
			isa = XCConfigurationList;
			buildConfigurations = (
				647B12542BBC3BE500D22F7A /* Debug */,
				647B12552BBC3BE500D22F7A /* Release */,
			);
			defaultConfigurationIsVisible = 0;
			defaultConfigurationName = Release;
		};
/* End XCConfigurationList section */
	};
	rootObject = 647B123C2BBC3BE000D22F7A /* Project object */;
}
